
Microsoft Visual Studio Solution File, Format Version 12.00
# Visual Studio Version 17
VisualStudioVersion = 17.11.35303.130
MinimumVisualStudioVersion = 10.0.40219.1
Project("{2150E333-8FDC-42A3-9474-1A3956D46DE8}") = "Task0", "Task0", "{42E41570-BB9D-4351-BEBE-05B406973329}"
EndProject
Project("{9A19103F-16F7-4668-BE54-9A1E7A4F7556}") = "Tyuiu.ZaicevYaA.Sprint1.Task0.V28", "Tyuiu.ZaicevYaA.Sprint1.Task0.V28\Tyuiu.ZaicevYaA.Sprint1.Task0.V28.csproj", "{EA2713B5-D532-4D33-A19E-EA58F16F45E5}"
EndProject
Project("{9A19103F-16F7-4668-BE54-9A1E7A4F7556}") = "Tyuiu.ZaicevYaA.Sprint1.Task0.V28.Lib", "Tyuiu.ZaicevYaA.Sprint1.Task0.V28.Lib\Tyuiu.ZaicevYaA.Sprint1.Task0.V28.Lib.csproj", "{B3ACB594-5FE1-4016-8191-B259DB69963D}"
EndProject
Project("{9A19103F-16F7-4668-BE54-9A1E7A4F7556}") = "Tyuiu.ZaicevYaA.Sprint1.Task0.V28.Test", "Tyuiu.ZaicevYaA.Sprint1.Task0.V28.Test\Tyuiu.ZaicevYaA.Sprint1.Task0.V28.Test.csproj", "{EE7803FF-8CE2-416B-9CF5-A74C13D15467}"
EndProject
Project("{2150E333-8FDC-42A3-9474-1A3956D46DE8}") = "Task1", "Task1", "{A4493F45-F316-4FBE-969D-9D19F68BE0E2}"
EndProject
Project("{FAE04EC0-301F-11D3-BF4B-00C04F79EFBC}") = "Tyuiu.ZaicevYaA.Sprint1.Task1.V18", "Tyuiu.ZaicevYaA.Sprint1.Task1.V18\Tyuiu.ZaicevYaA.Sprint1.Task1.V18.csproj", "{EAF70FE5-CD43-4D7F-9A38-29BA22213A0B}"
EndProject
Project("{FAE04EC0-301F-11D3-BF4B-00C04F79EFBC}") = "Tyuiu.ZaicevYaA.Sprint1.Task1.V18.Lib", "Tyuiu.ZaicevYaA.Sprint1.Task1.V18.Lib\Tyuiu.ZaicevYaA.Sprint1.Task1.V18.Lib.csproj", "{17C29492-4F3A-44CF-A942-5766EDAB7E13}"
EndProject
Project("{FAE04EC0-301F-11D3-BF4B-00C04F79EFBC}") = "Tyuiu.ZaicevYaA.Sprint1.Task1.V18.Test", "Tyuiu.ZaicevYaA.Sprint1.Task1.V18.Test\Tyuiu.ZaicevYaA.Sprint1.Task1.V18.Test.csproj", "{1626F656-3663-4A04-9D8E-4B14071640E3}"
EndProject
Global
	GlobalSection(SolutionConfigurationPlatforms) = preSolution
		Debug|Any CPU = Debug|Any CPU
		Release|Any CPU = Release|Any CPU
	EndGlobalSection
	GlobalSection(ProjectConfigurationPlatforms) = postSolution
		{EA2713B5-D532-4D33-A19E-EA58F16F45E5}.Debug|Any CPU.ActiveCfg = Debug|Any CPU
		{EA2713B5-D532-4D33-A19E-EA58F16F45E5}.Debug|Any CPU.Build.0 = Debug|Any CPU
		{EA2713B5-D532-4D33-A19E-EA58F16F45E5}.Release|Any CPU.ActiveCfg = Release|Any CPU
		{EA2713B5-D532-4D33-A19E-EA58F16F45E5}.Release|Any CPU.Build.0 = Release|Any CPU
		{B3ACB594-5FE1-4016-8191-B259DB69963D}.Debug|Any CPU.ActiveCfg = Debug|Any CPU
		{B3ACB594-5FE1-4016-8191-B259DB69963D}.Debug|Any CPU.Build.0 = Debug|Any CPU
		{B3ACB594-5FE1-4016-8191-B259DB69963D}.Release|Any CPU.ActiveCfg = Release|Any CPU
		{B3ACB594-5FE1-4016-8191-B259DB69963D}.Release|Any CPU.Build.0 = Release|Any CPU
		{EE7803FF-8CE2-416B-9CF5-A74C13D15467}.Debug|Any CPU.ActiveCfg = Debug|Any CPU
		{EE7803FF-8CE2-416B-9CF5-A74C13D15467}.Debug|Any CPU.Build.0 = Debug|Any CPU
		{EE7803FF-8CE2-416B-9CF5-A74C13D15467}.Release|Any CPU.ActiveCfg = Release|Any CPU
		{EE7803FF-8CE2-416B-9CF5-A74C13D15467}.Release|Any CPU.Build.0 = Release|Any CPU
		{EAF70FE5-CD43-4D7F-9A38-29BA22213A0B}.Debug|Any CPU.ActiveCfg = Debug|Any CPU
		{EAF70FE5-CD43-4D7F-9A38-29BA22213A0B}.Debug|Any CPU.Build.0 = Debug|Any CPU
		{EAF70FE5-CD43-4D7F-9A38-29BA22213A0B}.Release|Any CPU.ActiveCfg = Release|Any CPU
		{EAF70FE5-CD43-4D7F-9A38-29BA22213A0B}.Release|Any CPU.Build.0 = Release|Any CPU
		{17C29492-4F3A-44CF-A942-5766EDAB7E13}.Debug|Any CPU.ActiveCfg = Debug|Any CPU
		{17C29492-4F3A-44CF-A942-5766EDAB7E13}.Debug|Any CPU.Build.0 = Debug|Any CPU
		{17C29492-4F3A-44CF-A942-5766EDAB7E13}.Release|Any CPU.ActiveCfg = Release|Any CPU
		{17C29492-4F3A-44CF-A942-5766EDAB7E13}.Release|Any CPU.Build.0 = Release|Any CPU
		{1626F656-3663-4A04-9D8E-4B14071640E3}.Debug|Any CPU.ActiveCfg = Debug|Any CPU
		{1626F656-3663-4A04-9D8E-4B14071640E3}.Debug|Any CPU.Build.0 = Debug|Any CPU
		{1626F656-3663-4A04-9D8E-4B14071640E3}.Release|Any CPU.ActiveCfg = Release|Any CPU
		{1626F656-3663-4A04-9D8E-4B14071640E3}.Release|Any CPU.Build.0 = Release|Any CPU
	EndGlobalSection
	GlobalSection(SolutionProperties) = preSolution
		HideSolutionNode = FALSE
	EndGlobalSection
	GlobalSection(NestedProjects) = preSolution
		{EA2713B5-D532-4D33-A19E-EA58F16F45E5} = {42E41570-BB9D-4351-BEBE-05B406973329}
		{B3ACB594-5FE1-4016-8191-B259DB69963D} = {42E41570-BB9D-4351-BEBE-05B406973329}
		{EE7803FF-8CE2-416B-9CF5-A74C13D15467} = {42E41570-BB9D-4351-BEBE-05B406973329}
		{EAF70FE5-CD43-4D7F-9A38-29BA22213A0B} = {A4493F45-F316-4FBE-969D-9D19F68BE0E2}
		{17C29492-4F3A-44CF-A942-5766EDAB7E13} = {A4493F45-F316-4FBE-969D-9D19F68BE0E2}
		{1626F656-3663-4A04-9D8E-4B14071640E3} = {A4493F45-F316-4FBE-969D-9D19F68BE0E2}
	EndGlobalSection
	GlobalSection(ExtensibilityGlobals) = postSolution
		SolutionGuid = {A104E1AC-A4BD-4A23-86E4-2451AFE85880}
	EndGlobalSection
EndGlobal
