
Microsoft Visual Studio Solution File, Format Version 12.00
# Visual Studio Version 17
VisualStudioVersion = 17.11.35303.130
MinimumVisualStudioVersion = 10.0.40219.1
Project("{2150E333-8FDC-42A3-9474-1A3956D46DE8}") = "Task0", "Task0", "{42E41570-BB9D-4351-BEBE-05B406973329}"
EndProject
Project("{9A19103F-16F7-4668-BE54-9A1E7A4F7556}") = "Tyuiu.ZaicevYaA.Sprint1.Task0.V28", "Tyuiu.ZaicevYaA.Sprint1.Task0.V28\Tyuiu.ZaicevYaA.Sprint1.Task0.V28.csproj", "{EA2713B5-D532-4D33-A19E-EA58F16F45E5}"
EndProject
Project("{9A19103F-16F7-4668-BE54-9A1E7A4F7556}") = "Tyuiu.ZaicevYaA.Sprint1.Task0.V28.Lib", "Tyuiu.ZaicevYaA.Sprint1.Task0.V28.Lib\Tyuiu.ZaicevYaA.Sprint1.Task0.V28.Lib.csproj", "{B3ACB594-5FE1-4016-8191-B259DB69963D}"
EndProject
Project("{9A19103F-16F7-4668-BE54-9A1E7A4F7556}") = "Tyuiu.ZaicevYaA.Sprint1.Task0.V28.Test", "Tyuiu.ZaicevYaA.Sprint1.Task0.V28.Test\Tyuiu.ZaicevYaA.Sprint1.Task0.V28.Test.csproj", "{EE7803FF-8CE2-416B-9CF5-A74C13D15467}"
EndProject
Project("{2150E333-8FDC-42A3-9474-1A3956D46DE8}") = "Task1", "Task1", "{A4493F45-F316-4FBE-969D-9D19F68BE0E2}"
EndProject
Project("{FAE04EC0-301F-11D3-BF4B-00C04F79EFBC}") = "Tyuiu.ZaicevYaA.Sprint1.Task1.V18", "Tyuiu.ZaicevYaA.Sprint1.Task1.V18\Tyuiu.ZaicevYaA.Sprint1.Task1.V18.csproj", "{EAF70FE5-CD43-4D7F-9A38-29BA22213A0B}"
EndProject
Project("{FAE04EC0-301F-11D3-BF4B-00C04F79EFBC}") = "Tyuiu.ZaicevYaA.Sprint1.Task1.V18.Lib", "Tyuiu.ZaicevYaA.Sprint1.Task1.V18.Lib\Tyuiu.ZaicevYaA.Sprint1.Task1.V18.Lib.csproj", "{17C29492-4F3A-44CF-A942-5766EDAB7E13}"
EndProject
Project("{FAE04EC0-301F-11D3-BF4B-00C04F79EFBC}") = "Tyuiu.ZaicevYaA.Sprint1.Task1.V18.Test", "Tyuiu.ZaicevYaA.Sprint1.Task1.V18.Test\Tyuiu.ZaicevYaA.Sprint1.Task1.V18.Test.csproj", "{1626F656-3663-4A04-9D8E-4B14071640E3}"
EndProject
Project("{2150E333-8FDC-42A3-9474-1A3956D46DE8}") = "Task2", "Task2", "{471D9A1C-CE59-4F3D-80BB-B4173618F6C4}"
EndProject
Project("{FAE04EC0-301F-11D3-BF4B-00C04F79EFBC}") = "Tyuiu.ZaicevYaA.Sprint1.Task2.V19", "Tyuiu.ZaicevYaA.Sprint1.Task2.V19\Tyuiu.ZaicevYaA.Sprint1.Task2.V19.csproj", "{76584102-5C93-445A-80CC-9AC8D5D78B5B}"
EndProject
Project("{FAE04EC0-301F-11D3-BF4B-00C04F79EFBC}") = "Tyuiu.ZaicevYaA.Sprint1.Task2.V19.Lib", "Tyuiu.ZaicevYaA.Sprint1.Task2.V19.Lib\Tyuiu.ZaicevYaA.Sprint1.Task2.V19.Lib.csproj", "{3E857A21-79FE-4390-B6D1-9D9170B1408D}"
EndProject
Project("{FAE04EC0-301F-11D3-BF4B-00C04F79EFBC}") = "Tyuiu.ZaicevYaA.Sprint1.Task2.V19.Test", "Tyuiu.ZaicevYaA.Sprint1.Task2.V19.Test\Tyuiu.ZaicevYaA.Sprint1.Task2.V19.Test.csproj", "{673DA5E2-8136-44F5-A7D1-EE6C5024976F}"
EndProject
Project("{2150E333-8FDC-42A3-9474-1A3956D46DE8}") = "Task3", "Task3", "{4E5ACB07-F013-4BA8-B0FC-D15BBD4202CE}"
EndProject
Project("{FAE04EC0-301F-11D3-BF4B-00C04F79EFBC}") = "Tyuiu.ZaicevYaA.Sprint1.Task3.V16", "Tyuiu.ZaicevYaA.Sprint1.Task3.V16\Tyuiu.ZaicevYaA.Sprint1.Task3.V16.csproj", "{74ED2796-6BFF-4FB9-9B9B-EB2AB6164BA3}"
EndProject
Project("{FAE04EC0-301F-11D3-BF4B-00C04F79EFBC}") = "Tyuiu.ZaicevYaA.Sprint1.Task3.V16.Lib", "Tyuiu.ZaicevYaA.Sprint1.Task3.V16.Lib\Tyuiu.ZaicevYaA.Sprint1.Task3.V16.Lib.csproj", "{B05DC6B4-6F70-416F-8400-490E702BE46B}"
EndProject
Project("{FAE04EC0-301F-11D3-BF4B-00C04F79EFBC}") = "Tyuiu.ZaicevYaA.Sprint1.Task3.V16.Test", "Tyuiu.ZaicevYaA.Sprint1.Task3.V16.Test\Tyuiu.ZaicevYaA.Sprint1.Task3.V16.Test.csproj", "{5D3FF7D6-212D-49BE-9A6F-CFD98434383D}"
EndProject
Project("{2150E333-8FDC-42A3-9474-1A3956D46DE8}") = "Task4", "Task4", "{F5520F5D-B58A-474B-B6C1-9BA64202B987}"
EndProject
Project("{FAE04EC0-301F-11D3-BF4B-00C04F79EFBC}") = "Tyuiu.ZaicevYaA.Sprint1.Task4.V13", "Tyuiu.ZaicevYaA.Sprint1.Task4.V13\Tyuiu.ZaicevYaA.Sprint1.Task4.V13.csproj", "{8C152A27-58DA-48C2-ACA9-809A5F7B2727}"
EndProject
Project("{FAE04EC0-301F-11D3-BF4B-00C04F79EFBC}") = "Tyuiu.ZaicevYaA.Sprint1.Task4.V13.Lib", "Tyuiu.ZaicevYaA.Sprint1.Task4.V13.Lib\Tyuiu.ZaicevYaA.Sprint1.Task4.V13.Lib.csproj", "{CE242E42-9A75-43C4-875B-70EF379FBC26}"
EndProject
Project("{FAE04EC0-301F-11D3-BF4B-00C04F79EFBC}") = "Tyuiu.ZaicevYaA.Sprint1.Task4.V13.Test", "Tyuiu.ZaicevYaA.Sprint1.Task4.V13.Test\Tyuiu.ZaicevYaA.Sprint1.Task4.V13.Test.csproj", "{8677A994-1C28-4CED-A29F-773237DA6E11}"
EndProject
Global
	GlobalSection(SolutionConfigurationPlatforms) = preSolution
		Debug|Any CPU = Debug|Any CPU
		Release|Any CPU = Release|Any CPU
	EndGlobalSection
	GlobalSection(ProjectConfigurationPlatforms) = postSolution
		{EA2713B5-D532-4D33-A19E-EA58F16F45E5}.Debug|Any CPU.ActiveCfg = Debug|Any CPU
		{EA2713B5-D532-4D33-A19E-EA58F16F45E5}.Debug|Any CPU.Build.0 = Debug|Any CPU
		{EA2713B5-D532-4D33-A19E-EA58F16F45E5}.Release|Any CPU.ActiveCfg = Release|Any CPU
		{EA2713B5-D532-4D33-A19E-EA58F16F45E5}.Release|Any CPU.Build.0 = Release|Any CPU
		{B3ACB594-5FE1-4016-8191-B259DB69963D}.Debug|Any CPU.ActiveCfg = Debug|Any CPU
		{B3ACB594-5FE1-4016-8191-B259DB69963D}.Debug|Any CPU.Build.0 = Debug|Any CPU
		{B3ACB594-5FE1-4016-8191-B259DB69963D}.Release|Any CPU.ActiveCfg = Release|Any CPU
		{B3ACB594-5FE1-4016-8191-B259DB69963D}.Release|Any CPU.Build.0 = Release|Any CPU
		{EE7803FF-8CE2-416B-9CF5-A74C13D15467}.Debug|Any CPU.ActiveCfg = Debug|Any CPU
		{EE7803FF-8CE2-416B-9CF5-A74C13D15467}.Debug|Any CPU.Build.0 = Debug|Any CPU
		{EE7803FF-8CE2-416B-9CF5-A74C13D15467}.Release|Any CPU.ActiveCfg = Release|Any CPU
		{EE7803FF-8CE2-416B-9CF5-A74C13D15467}.Release|Any CPU.Build.0 = Release|Any CPU
		{EAF70FE5-CD43-4D7F-9A38-29BA22213A0B}.Debug|Any CPU.ActiveCfg = Debug|Any CPU
		{EAF70FE5-CD43-4D7F-9A38-29BA22213A0B}.Debug|Any CPU.Build.0 = Debug|Any CPU
		{EAF70FE5-CD43-4D7F-9A38-29BA22213A0B}.Release|Any CPU.ActiveCfg = Release|Any CPU
		{EAF70FE5-CD43-4D7F-9A38-29BA22213A0B}.Release|Any CPU.Build.0 = Release|Any CPU
		{17C29492-4F3A-44CF-A942-5766EDAB7E13}.Debug|Any CPU.ActiveCfg = Debug|Any CPU
		{17C29492-4F3A-44CF-A942-5766EDAB7E13}.Debug|Any CPU.Build.0 = Debug|Any CPU
		{17C29492-4F3A-44CF-A942-5766EDAB7E13}.Release|Any CPU.ActiveCfg = Release|Any CPU
		{17C29492-4F3A-44CF-A942-5766EDAB7E13}.Release|Any CPU.Build.0 = Release|Any CPU
		{1626F656-3663-4A04-9D8E-4B14071640E3}.Debug|Any CPU.ActiveCfg = Debug|Any CPU
		{1626F656-3663-4A04-9D8E-4B14071640E3}.Debug|Any CPU.Build.0 = Debug|Any CPU
		{1626F656-3663-4A04-9D8E-4B14071640E3}.Release|Any CPU.ActiveCfg = Release|Any CPU
		{1626F656-3663-4A04-9D8E-4B14071640E3}.Release|Any CPU.Build.0 = Release|Any CPU
		{76584102-5C93-445A-80CC-9AC8D5D78B5B}.Debug|Any CPU.ActiveCfg = Debug|Any CPU
		{76584102-5C93-445A-80CC-9AC8D5D78B5B}.Debug|Any CPU.Build.0 = Debug|Any CPU
		{76584102-5C93-445A-80CC-9AC8D5D78B5B}.Release|Any CPU.ActiveCfg = Release|Any CPU
		{76584102-5C93-445A-80CC-9AC8D5D78B5B}.Release|Any CPU.Build.0 = Release|Any CPU
		{3E857A21-79FE-4390-B6D1-9D9170B1408D}.Debug|Any CPU.ActiveCfg = Debug|Any CPU
		{3E857A21-79FE-4390-B6D1-9D9170B1408D}.Debug|Any CPU.Build.0 = Debug|Any CPU
		{3E857A21-79FE-4390-B6D1-9D9170B1408D}.Release|Any CPU.ActiveCfg = Release|Any CPU
		{3E857A21-79FE-4390-B6D1-9D9170B1408D}.Release|Any CPU.Build.0 = Release|Any CPU
		{673DA5E2-8136-44F5-A7D1-EE6C5024976F}.Debug|Any CPU.ActiveCfg = Debug|Any CPU
		{673DA5E2-8136-44F5-A7D1-EE6C5024976F}.Debug|Any CPU.Build.0 = Debug|Any CPU
		{673DA5E2-8136-44F5-A7D1-EE6C5024976F}.Release|Any CPU.ActiveCfg = Release|Any CPU
		{673DA5E2-8136-44F5-A7D1-EE6C5024976F}.Release|Any CPU.Build.0 = Release|Any CPU
		{74ED2796-6BFF-4FB9-9B9B-EB2AB6164BA3}.Debug|Any CPU.ActiveCfg = Debug|Any CPU
		{74ED2796-6BFF-4FB9-9B9B-EB2AB6164BA3}.Debug|Any CPU.Build.0 = Debug|Any CPU
		{74ED2796-6BFF-4FB9-9B9B-EB2AB6164BA3}.Release|Any CPU.ActiveCfg = Release|Any CPU
		{74ED2796-6BFF-4FB9-9B9B-EB2AB6164BA3}.Release|Any CPU.Build.0 = Release|Any CPU
		{B05DC6B4-6F70-416F-8400-490E702BE46B}.Debug|Any CPU.ActiveCfg = Debug|Any CPU
		{B05DC6B4-6F70-416F-8400-490E702BE46B}.Debug|Any CPU.Build.0 = Debug|Any CPU
		{B05DC6B4-6F70-416F-8400-490E702BE46B}.Release|Any CPU.ActiveCfg = Release|Any CPU
		{B05DC6B4-6F70-416F-8400-490E702BE46B}.Release|Any CPU.Build.0 = Release|Any CPU
		{5D3FF7D6-212D-49BE-9A6F-CFD98434383D}.Debug|Any CPU.ActiveCfg = Debug|Any CPU
		{5D3FF7D6-212D-49BE-9A6F-CFD98434383D}.Debug|Any CPU.Build.0 = Debug|Any CPU
		{5D3FF7D6-212D-49BE-9A6F-CFD98434383D}.Release|Any CPU.ActiveCfg = Release|Any CPU
		{5D3FF7D6-212D-49BE-9A6F-CFD98434383D}.Release|Any CPU.Build.0 = Release|Any CPU
		{8C152A27-58DA-48C2-ACA9-809A5F7B2727}.Debug|Any CPU.ActiveCfg = Debug|Any CPU
		{8C152A27-58DA-48C2-ACA9-809A5F7B2727}.Debug|Any CPU.Build.0 = Debug|Any CPU
		{8C152A27-58DA-48C2-ACA9-809A5F7B2727}.Release|Any CPU.ActiveCfg = Release|Any CPU
		{8C152A27-58DA-48C2-ACA9-809A5F7B2727}.Release|Any CPU.Build.0 = Release|Any CPU
		{CE242E42-9A75-43C4-875B-70EF379FBC26}.Debug|Any CPU.ActiveCfg = Debug|Any CPU
		{CE242E42-9A75-43C4-875B-70EF379FBC26}.Debug|Any CPU.Build.0 = Debug|Any CPU
		{CE242E42-9A75-43C4-875B-70EF379FBC26}.Release|Any CPU.ActiveCfg = Release|Any CPU
		{CE242E42-9A75-43C4-875B-70EF379FBC26}.Release|Any CPU.Build.0 = Release|Any CPU
		{8677A994-1C28-4CED-A29F-773237DA6E11}.Debug|Any CPU.ActiveCfg = Debug|Any CPU
		{8677A994-1C28-4CED-A29F-773237DA6E11}.Debug|Any CPU.Build.0 = Debug|Any CPU
		{8677A994-1C28-4CED-A29F-773237DA6E11}.Release|Any CPU.ActiveCfg = Release|Any CPU
		{8677A994-1C28-4CED-A29F-773237DA6E11}.Release|Any CPU.Build.0 = Release|Any CPU
	EndGlobalSection
	GlobalSection(SolutionProperties) = preSolution
		HideSolutionNode = FALSE
	EndGlobalSection
	GlobalSection(NestedProjects) = preSolution
		{EA2713B5-D532-4D33-A19E-EA58F16F45E5} = {42E41570-BB9D-4351-BEBE-05B406973329}
		{B3ACB594-5FE1-4016-8191-B259DB69963D} = {42E41570-BB9D-4351-BEBE-05B406973329}
		{EE7803FF-8CE2-416B-9CF5-A74C13D15467} = {42E41570-BB9D-4351-BEBE-05B406973329}
		{EAF70FE5-CD43-4D7F-9A38-29BA22213A0B} = {A4493F45-F316-4FBE-969D-9D19F68BE0E2}
		{17C29492-4F3A-44CF-A942-5766EDAB7E13} = {A4493F45-F316-4FBE-969D-9D19F68BE0E2}
		{1626F656-3663-4A04-9D8E-4B14071640E3} = {A4493F45-F316-4FBE-969D-9D19F68BE0E2}
		{76584102-5C93-445A-80CC-9AC8D5D78B5B} = {471D9A1C-CE59-4F3D-80BB-B4173618F6C4}
		{3E857A21-79FE-4390-B6D1-9D9170B1408D} = {471D9A1C-CE59-4F3D-80BB-B4173618F6C4}
		{673DA5E2-8136-44F5-A7D1-EE6C5024976F} = {471D9A1C-CE59-4F3D-80BB-B4173618F6C4}
		{74ED2796-6BFF-4FB9-9B9B-EB2AB6164BA3} = {4E5ACB07-F013-4BA8-B0FC-D15BBD4202CE}
		{B05DC6B4-6F70-416F-8400-490E702BE46B} = {4E5ACB07-F013-4BA8-B0FC-D15BBD4202CE}
		{5D3FF7D6-212D-49BE-9A6F-CFD98434383D} = {4E5ACB07-F013-4BA8-B0FC-D15BBD4202CE}
		{8C152A27-58DA-48C2-ACA9-809A5F7B2727} = {F5520F5D-B58A-474B-B6C1-9BA64202B987}
		{CE242E42-9A75-43C4-875B-70EF379FBC26} = {F5520F5D-B58A-474B-B6C1-9BA64202B987}
		{8677A994-1C28-4CED-A29F-773237DA6E11} = {F5520F5D-B58A-474B-B6C1-9BA64202B987}
	EndGlobalSection
	GlobalSection(ExtensibilityGlobals) = postSolution
		SolutionGuid = {A104E1AC-A4BD-4A23-86E4-2451AFE85880}
	EndGlobalSection
EndGlobal
